# This file is automatically @generated by Cargo.
# It is not intended for manual editing.
version = 3

[[package]]
name = "arithmetic"
version = "0.1.0"
dependencies = [
 "bitbit",
 "fenwick",
]

[[package]]
name = "bitbit"
version = "0.2.0"
source = "registry+https://github.com/rust-lang/crates.io-index"
checksum = "341ee439c53e593fa7de26dead9515601539b6cf9a53e3368c1405471e3ea322"

[[package]]
name = "fenwick"
version = "2.0.1"
source = "registry+https://github.com/rust-lang/crates.io-index"
checksum = "8da8259e81fd417a39d43d803d72458fcfac27206470d303e85be455e3361030"
